
Microsoft Visual Studio Solution File, Format Version 12.00
# Visual Studio Version 17
VisualStudioVersion = 17.1.32328.378
MinimumVisualStudioVersion = 10.0.40219.1
Project("{FAE04EC0-301F-11D3-BF4B-00C04F79EFBC}") = "Lesson 19", "Lesson 19\Lesson 19.csproj", "{E6E2321C-F626-4BC9-9FEA-C2AC2CA4E2AA}"
EndProject
Global
	GlobalSection(SolutionConfigurationPlatforms) = preSolution
		Debug|Any CPU = Debug|Any CPU
		Release|Any CPU = Release|Any CPU
	EndGlobalSection
	GlobalSection(ProjectConfigurationPlatforms) = postSolution
		{E6E2321C-F626-4BC9-9FEA-C2AC2CA4E2AA}.Debug|Any CPU.ActiveCfg = Debug|Any CPU
		{E6E2321C-F626-4BC9-9FEA-C2AC2CA4E2AA}.Debug|Any CPU.Build.0 = Debug|Any CPU
		{E6E2321C-F626-4BC9-9FEA-C2AC2CA4E2AA}.Release|Any CPU.ActiveCfg = Release|Any CPU
		{E6E2321C-F626-4BC9-9FEA-C2AC2CA4E2AA}.Release|Any CPU.Build.0 = Release|Any CPU
	EndGlobalSection
	GlobalSection(SolutionProperties) = preSolution
		HideSolutionNode = FALSE
	EndGlobalSection
	GlobalSection(ExtensibilityGlobals) = postSolution
		SolutionGuid = {D4C60B54-DEDA-4035-9D35-E228CF9CE664}
	EndGlobalSection
EndGlobal
